
Microsoft Visual Studio Solution File, Format Version 12.00
# Visual Studio 15
VisualStudioVersion = 15.0.27130.2020
MinimumVisualStudioVersion = 10.0.40219.1
Project("{FAE04EC0-301F-11D3-BF4B-00C04F79EFBC}") = "Cludo_Assignment", "Cludo_Assignment\Cludo_Assignment.csproj", "{1E2A661E-1396-4527-B6EC-3B5C29BC8D1D}"
EndProject
Project("{FAE04EC0-301F-11D3-BF4B-00C04F79EFBC}") = "Cludo_Assignment.Tests", "Cludo_Assignment.Tests\Cludo_Assignment.Tests.csproj", "{B2B59608-003E-4268-8A60-41ECCB8142DC}"
EndProject
Project("{FAE04EC0-301F-11D3-BF4B-00C04F79EFBC}") = "Business", "Business\Business.csproj", "{4DC9B744-5758-4DD8-98A3-799CDD868E29}"
EndProject
Global
	GlobalSection(SolutionConfigurationPlatforms) = preSolution
		Debug|Any CPU = Debug|Any CPU
		Release|Any CPU = Release|Any CPU
	EndGlobalSection
	GlobalSection(ProjectConfigurationPlatforms) = postSolution
		{1E2A661E-1396-4527-B6EC-3B5C29BC8D1D}.Debug|Any CPU.ActiveCfg = Debug|Any CPU
		{1E2A661E-1396-4527-B6EC-3B5C29BC8D1D}.Debug|Any CPU.Build.0 = Debug|Any CPU
		{1E2A661E-1396-4527-B6EC-3B5C29BC8D1D}.Release|Any CPU.ActiveCfg = Release|Any CPU
		{1E2A661E-1396-4527-B6EC-3B5C29BC8D1D}.Release|Any CPU.Build.0 = Release|Any CPU
		{B2B59608-003E-4268-8A60-41ECCB8142DC}.Debug|Any CPU.ActiveCfg = Debug|Any CPU
		{B2B59608-003E-4268-8A60-41ECCB8142DC}.Debug|Any CPU.Build.0 = Debug|Any CPU
		{B2B59608-003E-4268-8A60-41ECCB8142DC}.Release|Any CPU.ActiveCfg = Release|Any CPU
		{B2B59608-003E-4268-8A60-41ECCB8142DC}.Release|Any CPU.Build.0 = Release|Any CPU
		{4DC9B744-5758-4DD8-98A3-799CDD868E29}.Debug|Any CPU.ActiveCfg = Debug|Any CPU
		{4DC9B744-5758-4DD8-98A3-799CDD868E29}.Debug|Any CPU.Build.0 = Debug|Any CPU
		{4DC9B744-5758-4DD8-98A3-799CDD868E29}.Release|Any CPU.ActiveCfg = Release|Any CPU
		{4DC9B744-5758-4DD8-98A3-799CDD868E29}.Release|Any CPU.Build.0 = Release|Any CPU
	EndGlobalSection
	GlobalSection(SolutionProperties) = preSolution
		HideSolutionNode = FALSE
	EndGlobalSection
	GlobalSection(ExtensibilityGlobals) = postSolution
		SolutionGuid = {7EEB6000-295F-48BD-B9AE-1FCC63D4E021}
	EndGlobalSection
EndGlobal
